
Microsoft Visual Studio Solution File, Format Version 12.00
# Visual Studio Version 17
VisualStudioVersion = 17.11.35219.272
MinimumVisualStudioVersion = 10.0.40219.1
Project("{FAE04EC0-301F-11D3-BF4B-00C04F79EFBC}") = "iktprojekt", "iktprojekt\iktprojekt.csproj", "{97B7756D-1E0E-4E13-B96B-B4381128E660}"
EndProject
Global
	GlobalSection(SolutionConfigurationPlatforms) = preSolution
		Debug|Any CPU = Debug|Any CPU
		Release|Any CPU = Release|Any CPU
	EndGlobalSection
	GlobalSection(ProjectConfigurationPlatforms) = postSolution
		{97B7756D-1E0E-4E13-B96B-B4381128E660}.Debug|Any CPU.ActiveCfg = Debug|Any CPU
		{97B7756D-1E0E-4E13-B96B-B4381128E660}.Debug|Any CPU.Build.0 = Debug|Any CPU
		{97B7756D-1E0E-4E13-B96B-B4381128E660}.Release|Any CPU.ActiveCfg = Release|Any CPU
		{97B7756D-1E0E-4E13-B96B-B4381128E660}.Release|Any CPU.Build.0 = Release|Any CPU
	EndGlobalSection
	GlobalSection(SolutionProperties) = preSolution
		HideSolutionNode = FALSE
	EndGlobalSection
	GlobalSection(ExtensibilityGlobals) = postSolution
		SolutionGuid = {E888C5D2-73E6-4CEC-8DE4-2A0DF9DB34D3}
	EndGlobalSection
EndGlobal
